
Microsoft Visual Studio Solution File, Format Version 12.00
# Visual Studio Version 17
VisualStudioVersion = 17.4.33205.214
MinimumVisualStudioVersion = 10.0.40219.1
Project("{FAE04EC0-301F-11D3-BF4B-00C04F79EFBC}") = "UniProject", "UniProject\UniProject.csproj", "{B225C1BB-1E82-4EC1-A5A2-20DDEB7E5633}"
EndProject
Global
	GlobalSection(SolutionConfigurationPlatforms) = preSolution
		Debug|Any CPU = Debug|Any CPU
		Release|Any CPU = Release|Any CPU
	EndGlobalSection
	GlobalSection(ProjectConfigurationPlatforms) = postSolution
		{B225C1BB-1E82-4EC1-A5A2-20DDEB7E5633}.Debug|Any CPU.ActiveCfg = Debug|Any CPU
		{B225C1BB-1E82-4EC1-A5A2-20DDEB7E5633}.Debug|Any CPU.Build.0 = Debug|Any CPU
		{B225C1BB-1E82-4EC1-A5A2-20DDEB7E5633}.Release|Any CPU.ActiveCfg = Release|Any CPU
		{B225C1BB-1E82-4EC1-A5A2-20DDEB7E5633}.Release|Any CPU.Build.0 = Release|Any CPU
	EndGlobalSection
	GlobalSection(SolutionProperties) = preSolution
		HideSolutionNode = FALSE
	EndGlobalSection
	GlobalSection(ExtensibilityGlobals) = postSolution
		SolutionGuid = {C13C5723-87CC-48CE-B6EE-8B99AEF75029}
	EndGlobalSection
EndGlobal
